
Microsoft Visual Studio Solution File, Format Version 12.00
# Visual Studio Version 17
VisualStudioVersion = 17.2.32630.192
MinimumVisualStudioVersion = 10.0.40219.1
Project("{FAE04EC0-301F-11D3-BF4B-00C04F79EFBC}") = "HelloWrold", "HelloWrold\HelloWrold.csproj", "{44033464-2D64-422C-9260-C482616F6A8D}"
EndProject
Global
	GlobalSection(SolutionConfigurationPlatforms) = preSolution
		Debug|Any CPU = Debug|Any CPU
		Release|Any CPU = Release|Any CPU
	EndGlobalSection
	GlobalSection(ProjectConfigurationPlatforms) = postSolution
		{44033464-2D64-422C-9260-C482616F6A8D}.Debug|Any CPU.ActiveCfg = Debug|Any CPU
		{44033464-2D64-422C-9260-C482616F6A8D}.Debug|Any CPU.Build.0 = Debug|Any CPU
		{44033464-2D64-422C-9260-C482616F6A8D}.Release|Any CPU.ActiveCfg = Release|Any CPU
		{44033464-2D64-422C-9260-C482616F6A8D}.Release|Any CPU.Build.0 = Release|Any CPU
	EndGlobalSection
	GlobalSection(SolutionProperties) = preSolution
		HideSolutionNode = FALSE
	EndGlobalSection
	GlobalSection(ExtensibilityGlobals) = postSolution
		SolutionGuid = {70943AF6-E59F-4901-9067-0CE94FA6E691}
	EndGlobalSection
EndGlobal
