
Microsoft Visual Studio Solution File, Format Version 12.00
# Visual Studio Version 17
VisualStudioVersion = 17.2.32630.192
MinimumVisualStudioVersion = 10.0.40219.1
Project("{9A19103F-16F7-4668-BE54-9A1E7A4F7556}") = "MovieLibrary", "MovieLibrary\MovieLibrary.csproj", "{B6A6841C-0926-4ED9-80BC-C72C214AE9FD}"
EndProject
Project("{9A19103F-16F7-4668-BE54-9A1E7A4F7556}") = "MovieLibrary.WinHost", "MovieLibrary.WinHost\MovieLibrary.WinHost.csproj", "{65A7CCA9-5983-4DC9-99DF-507AA0F54412}"
EndProject
Project("{00D1A9C2-B5F0-4AF3-8072-F6C62B433612}") = "MovieDb", "MovieDb\MovieDb.sqlproj", "{BDE72751-B36A-499E-81E4-7FB8951B67F5}"
EndProject
Project("{FAE04EC0-301F-11D3-BF4B-00C04F79EFBC}") = "MovieLibrary.Sql", "MovieLibrary.Sql\MovieLibrary.Sql.csproj", "{D28F4A82-D65D-49FB-B498-BA54EA5CA23E}"
EndProject
Global
	GlobalSection(SolutionConfigurationPlatforms) = preSolution
		Debug|Any CPU = Debug|Any CPU
		Release|Any CPU = Release|Any CPU
	EndGlobalSection
	GlobalSection(ProjectConfigurationPlatforms) = postSolution
		{B6A6841C-0926-4ED9-80BC-C72C214AE9FD}.Debug|Any CPU.ActiveCfg = Debug|Any CPU
		{B6A6841C-0926-4ED9-80BC-C72C214AE9FD}.Debug|Any CPU.Build.0 = Debug|Any CPU
		{B6A6841C-0926-4ED9-80BC-C72C214AE9FD}.Release|Any CPU.ActiveCfg = Release|Any CPU
		{B6A6841C-0926-4ED9-80BC-C72C214AE9FD}.Release|Any CPU.Build.0 = Release|Any CPU
		{65A7CCA9-5983-4DC9-99DF-507AA0F54412}.Debug|Any CPU.ActiveCfg = Debug|Any CPU
		{65A7CCA9-5983-4DC9-99DF-507AA0F54412}.Debug|Any CPU.Build.0 = Debug|Any CPU
		{65A7CCA9-5983-4DC9-99DF-507AA0F54412}.Release|Any CPU.ActiveCfg = Release|Any CPU
		{65A7CCA9-5983-4DC9-99DF-507AA0F54412}.Release|Any CPU.Build.0 = Release|Any CPU
		{BDE72751-B36A-499E-81E4-7FB8951B67F5}.Debug|Any CPU.ActiveCfg = Debug|Any CPU
		{BDE72751-B36A-499E-81E4-7FB8951B67F5}.Debug|Any CPU.Build.0 = Debug|Any CPU
		{BDE72751-B36A-499E-81E4-7FB8951B67F5}.Debug|Any CPU.Deploy.0 = Debug|Any CPU
		{BDE72751-B36A-499E-81E4-7FB8951B67F5}.Release|Any CPU.ActiveCfg = Release|Any CPU
		{BDE72751-B36A-499E-81E4-7FB8951B67F5}.Release|Any CPU.Build.0 = Release|Any CPU
		{BDE72751-B36A-499E-81E4-7FB8951B67F5}.Release|Any CPU.Deploy.0 = Release|Any CPU
		{D28F4A82-D65D-49FB-B498-BA54EA5CA23E}.Debug|Any CPU.ActiveCfg = Debug|Any CPU
		{D28F4A82-D65D-49FB-B498-BA54EA5CA23E}.Debug|Any CPU.Build.0 = Debug|Any CPU
		{D28F4A82-D65D-49FB-B498-BA54EA5CA23E}.Release|Any CPU.ActiveCfg = Release|Any CPU
		{D28F4A82-D65D-49FB-B498-BA54EA5CA23E}.Release|Any CPU.Build.0 = Release|Any CPU
	EndGlobalSection
	GlobalSection(SolutionProperties) = preSolution
		HideSolutionNode = FALSE
	EndGlobalSection
	GlobalSection(ExtensibilityGlobals) = postSolution
		SolutionGuid = {1549373C-B0F0-465F-9C7A-BC92C4D0E913}
	EndGlobalSection
EndGlobal
